# This file is automatically @generated by Cargo.
# It is not intended for manual editing.
[[package]]
name = "az"
version = "1.0.0"
source = "registry+https://github.com/rust-lang/crates.io-index"
checksum = "e9bcd47d94aa4eb8c076b50fc61a75020789394ffb9bd74a180b3379130f6569"

[[package]]
name = "circ"
version = "0.1.0"
dependencies = [
 "fnv",
 "hashconsing",
 "lazy_static",
 "rug",
]

[[package]]
name = "fnv"
version = "1.0.7"
source = "registry+https://github.com/rust-lang/crates.io-index"
checksum = "3f9eec918d3f24069decb9af1554cad7c880e2da24a9afd88aca000531ab82c1"

[[package]]
name = "gmp-mpfr-sys"
version = "1.4.2"
source = "registry+https://github.com/rust-lang/crates.io-index"
checksum = "a57fdb339d49833021b1fded600ed240ae907e33909d5511a61dff884df7f16e"
dependencies = [
 "libc",
 "winapi",
]

[[package]]
name = "hashconsing"
version = "1.2.0"
source = "git+https://github.com/alex-ozdemir/hashconsing#9dea6ee0777d9837e7348b71d7bd1ce0e28c3cce"
dependencies = [
 "lazy_static",
]

[[package]]
name = "lazy_static"
version = "1.4.0"
source = "registry+https://github.com/rust-lang/crates.io-index"
checksum = "e2abad23fbc42b3700f2f279844dc832adb2b2eb069b2df918f455c4e18cc646"

[[package]]
name = "libc"
version = "0.2.85"
source = "registry+https://github.com/rust-lang/crates.io-index"
checksum = "7ccac4b00700875e6a07c6cde370d44d32fa01c5a65cdd2fca6858c479d28bb3"

[[package]]
name = "rug"
version = "1.11.0"
source = "registry+https://github.com/rust-lang/crates.io-index"
checksum = "e538d00da450a8e48aac7e6322e67b2dc86ec71a1feeac0e3954c4f07f01bc45"
dependencies = [
 "az",
 "gmp-mpfr-sys",
 "libc",
]

[[package]]
name = "winapi"
version = "0.3.9"
source = "registry+https://github.com/rust-lang/crates.io-index"
checksum = "5c839a674fcd7a98952e593242ea400abe93992746761e38641405d28b00f419"
dependencies = [
 "winapi-i686-pc-windows-gnu",
 "winapi-x86_64-pc-windows-gnu",
]

[[package]]
name = "winapi-i686-pc-windows-gnu"
version = "0.4.0"
source = "registry+https://github.com/rust-lang/crates.io-index"
checksum = "ac3b87c63620426dd9b991e5ce0329eff545bccbbb34f3be09ff6fb6ab51b7b6"

[[package]]
name = "winapi-x86_64-pc-windows-gnu"
version = "0.4.0"
source = "registry+https://github.com/rust-lang/crates.io-index"
checksum = "712e227841d057c1ee1cd2fb22fa7e5a5461ae8e48fa2ca79ec42cfc1931183f"
